
using System;


    internal class Program
    {
        static void Main(string[] args)
        {
        // En variabel som sparar ditt namn
        string name = "Yoonis";

        // En variabel som sparar ett nummer
        int num1 = 1;

        // En annan variabel med ett annat nummer
        int num2 = 2;

        // Skriver ut variablerna i konsolen, rad för rad
        Console.WriteLine(name);
        Console.WriteLine(num1);
        Console.WriteLine(num2);
        }
    }
