
Microsoft Visual Studio Solution File, Format Version 12.00
# Visual Studio Version 17
VisualStudioVersion = 17.14.36616.10 d17.14
MinimumVisualStudioVersion = 10.0.40219.1
Project("{FAE04EC0-301F-11D3-BF4B-00C04F79EFBC}") = "uppgift1", "uppgift1\uppgift1.csproj", "{5DD3FE84-CA24-46BD-967D-F82E345973C3}"
EndProject
Global
	GlobalSection(SolutionConfigurationPlatforms) = preSolution
		Debug|Any CPU = Debug|Any CPU
		Release|Any CPU = Release|Any CPU
	EndGlobalSection
	GlobalSection(ProjectConfigurationPlatforms) = postSolution
		{5DD3FE84-CA24-46BD-967D-F82E345973C3}.Debug|Any CPU.ActiveCfg = Debug|Any CPU
		{5DD3FE84-CA24-46BD-967D-F82E345973C3}.Debug|Any CPU.Build.0 = Debug|Any CPU
		{5DD3FE84-CA24-46BD-967D-F82E345973C3}.Release|Any CPU.ActiveCfg = Release|Any CPU
		{5DD3FE84-CA24-46BD-967D-F82E345973C3}.Release|Any CPU.Build.0 = Release|Any CPU
	EndGlobalSection
	GlobalSection(SolutionProperties) = preSolution
		HideSolutionNode = FALSE
	EndGlobalSection
	GlobalSection(ExtensibilityGlobals) = postSolution
		SolutionGuid = {C6944A26-E353-48D7-B5A2-6DD90159C27A}
	EndGlobalSection
EndGlobal
